
Microsoft Visual Studio Solution File, Format Version 12.00
# Visual Studio Version 16
VisualStudioVersion = 16.0.30907.101
MinimumVisualStudioVersion = 10.0.40219.1
Project("{FAE04EC0-301F-11D3-BF4B-00C04F79EFBC}") = "EbookWindows", "EbookWindows\EbookWindows.csproj", "{103561F6-79BD-441E-805D-6EA2EE26B493}"
EndProject
Project("{54435603-DBB4-11D2-8724-00A0C9A8B90C}") = "EbookWindowsInstaller", "EbookWindowsInstaller\EbookWindowsInstaller.vdproj", "{CBA0EE45-F93E-48B3-A12D-8FD3F92A9A7B}"
EndProject
Global
	GlobalSection(SolutionConfigurationPlatforms) = preSolution
		Debug|Any CPU = Debug|Any CPU
		Debug|x64 = Debug|x64
		Debug|x86 = Debug|x86
		Release|Any CPU = Release|Any CPU
		Release|x64 = Release|x64
		Release|x86 = Release|x86
	EndGlobalSection
	GlobalSection(ProjectConfigurationPlatforms) = postSolution
		{103561F6-79BD-441E-805D-6EA2EE26B493}.Debug|Any CPU.ActiveCfg = Debug|Any CPU
		{103561F6-79BD-441E-805D-6EA2EE26B493}.Debug|Any CPU.Build.0 = Debug|Any CPU
		{103561F6-79BD-441E-805D-6EA2EE26B493}.Debug|x64.ActiveCfg = Debug|x64
		{103561F6-79BD-441E-805D-6EA2EE26B493}.Debug|x64.Build.0 = Debug|x64
		{103561F6-79BD-441E-805D-6EA2EE26B493}.Debug|x86.ActiveCfg = Debug|Any CPU
		{103561F6-79BD-441E-805D-6EA2EE26B493}.Debug|x86.Build.0 = Debug|Any CPU
		{103561F6-79BD-441E-805D-6EA2EE26B493}.Release|Any CPU.ActiveCfg = Release|Any CPU
		{103561F6-79BD-441E-805D-6EA2EE26B493}.Release|Any CPU.Build.0 = Release|Any CPU
		{103561F6-79BD-441E-805D-6EA2EE26B493}.Release|x64.ActiveCfg = Release|x64
		{103561F6-79BD-441E-805D-6EA2EE26B493}.Release|x64.Build.0 = Release|x64
		{103561F6-79BD-441E-805D-6EA2EE26B493}.Release|x86.ActiveCfg = Release|x86
		{103561F6-79BD-441E-805D-6EA2EE26B493}.Release|x86.Build.0 = Release|x86
		{CBA0EE45-F93E-48B3-A12D-8FD3F92A9A7B}.Debug|Any CPU.ActiveCfg = Debug
		{CBA0EE45-F93E-48B3-A12D-8FD3F92A9A7B}.Debug|x64.ActiveCfg = Debug
		{CBA0EE45-F93E-48B3-A12D-8FD3F92A9A7B}.Debug|x86.ActiveCfg = Debug
		{CBA0EE45-F93E-48B3-A12D-8FD3F92A9A7B}.Debug|x86.Build.0 = Debug
		{CBA0EE45-F93E-48B3-A12D-8FD3F92A9A7B}.Release|Any CPU.ActiveCfg = Release
		{CBA0EE45-F93E-48B3-A12D-8FD3F92A9A7B}.Release|x64.ActiveCfg = Release
		{CBA0EE45-F93E-48B3-A12D-8FD3F92A9A7B}.Release|x86.ActiveCfg = Release
	EndGlobalSection
	GlobalSection(SolutionProperties) = preSolution
		HideSolutionNode = FALSE
	EndGlobalSection
	GlobalSection(ExtensibilityGlobals) = postSolution
		SolutionGuid = {F6962D56-21A3-4DB4-B95D-1B2A008BAFBC}
	EndGlobalSection
EndGlobal
